
Microsoft Visual Studio Solution File, Format Version 12.00
# Visual Studio Version 17
VisualStudioVersion = 17.8.34408.163
MinimumVisualStudioVersion = 10.0.40219.1
Project("{FAE04EC0-301F-11D3-BF4B-00C04F79EFBC}") = "Myform", "Myform\Myform.csproj", "{A0149D28-FB4A-4ABB-97C8-FEFC068526BB}"
EndProject
Project("{FAE04EC0-301F-11D3-BF4B-00C04F79EFBC}") = "bai 2", "bai 2\bai 2.csproj", "{2AFAB8B0-AAB4-4927-9D5F-0210581044D6}"
EndProject
Global
	GlobalSection(SolutionConfigurationPlatforms) = preSolution
		Debug|Any CPU = Debug|Any CPU
		Release|Any CPU = Release|Any CPU
	EndGlobalSection
	GlobalSection(ProjectConfigurationPlatforms) = postSolution
		{A0149D28-FB4A-4ABB-97C8-FEFC068526BB}.Debug|Any CPU.ActiveCfg = Debug|Any CPU
		{A0149D28-FB4A-4ABB-97C8-FEFC068526BB}.Debug|Any CPU.Build.0 = Debug|Any CPU
		{A0149D28-FB4A-4ABB-97C8-FEFC068526BB}.Release|Any CPU.ActiveCfg = Release|Any CPU
		{A0149D28-FB4A-4ABB-97C8-FEFC068526BB}.Release|Any CPU.Build.0 = Release|Any CPU
		{2AFAB8B0-AAB4-4927-9D5F-0210581044D6}.Debug|Any CPU.ActiveCfg = Debug|Any CPU
		{2AFAB8B0-AAB4-4927-9D5F-0210581044D6}.Debug|Any CPU.Build.0 = Debug|Any CPU
		{2AFAB8B0-AAB4-4927-9D5F-0210581044D6}.Release|Any CPU.ActiveCfg = Release|Any CPU
		{2AFAB8B0-AAB4-4927-9D5F-0210581044D6}.Release|Any CPU.Build.0 = Release|Any CPU
	EndGlobalSection
	GlobalSection(SolutionProperties) = preSolution
		HideSolutionNode = FALSE
	EndGlobalSection
	GlobalSection(ExtensibilityGlobals) = postSolution
		SolutionGuid = {10AB8D15-AE63-48ED-A3E2-DE628628D987}
	EndGlobalSection
EndGlobal
